# THIS IS AN AUTOGENERATED FILE. DO NOT EDIT THIS FILE DIRECTLY.
# yarn lockfile v1


indento@^1.1.13:
  version "1.1.13"
  resolved "https://registry.yarnpkg.com/indento/-/indento-1.1.13.tgz#751331b327c04740eeb7be40c5606e6e255c9e36"
  integrity sha512-YZWk3mreBEM7sBPddsiQnW9Z8SGg/gNpFfscJq00HCDS7pxcQWWWMSVKJU7YkTRyDu1Zv2s8zaK8gQWKmCXHlg==

json2md@^2.0.1:
  version "2.0.1"
  resolved "https://registry.yarnpkg.com/json2md/-/json2md-2.0.1.tgz#994853e6e0a1a21a1a5a6e5437e5433273c3b8ed"
  integrity sha512-VbwmZ83qmUfKBS2pUOHlzNKEZFPBeJSbzEok3trMYyboZUgdHNn1XZfc1uT8UZs1GHCrmRUBXCfqw4YmmQuOhw==
  dependencies:
    indento "^1.1.13"
